// !$*UTF8*$!
{
	archiveVersion = 1;
	classes = {
	};
	objectVersion = 77;
	objects = {

/* Begin PBXBuildFile section */
		1014B8F42FCEED2E0049D3D3 /* NetworkExtension.framework in Frameworks */ = {isa = PBXBuildFile; fileRef = 1014B8F32FCEED2E0049D3D3 /* NetworkExtension.framework */; };
		1014B8FC2FCEED2E0049D3D3 /* PacketTunnel.appex in Embed Foundation Extensions */ = {isa = PBXBuildFile; fileRef = 1014B8F12FCEED2E0049D3D3 /* PacketTunnel.appex */; settings = {ATTRIBUTES = (RemoveHeadersOnCopy, ); }; };
		1014B9052FCEF03B0049D3D3 /* XrayKit.xcframework in Frameworks */ = {isa = PBXBuildFile; fileRef = 1014B9042FCEF03B0049D3D3 /* XrayKit.xcframework */; };
		1014B9082FCEF06F0049D3D3 /* XrayKit.xcframework in Frameworks */ = {isa = PBXBuildFile; fileRef = 1014B9042FCEF03B0049D3D3 /* XrayKit.xcframework */; };
		1014B9092FCEF06F0049D3D3 /* XrayKit.xcframework in Embed Frameworks */ = {isa = PBXBuildFile; fileRef = 1014B9042FCEF03B0049D3D3 /* XrayKit.xcframework */; settings = {ATTRIBUTES = (CodeSignOnCopy, RemoveHeadersOnCopy, ); }; };
		1014B90B2FCEF1000049D3D3 /* libresolv.tbd in Frameworks */ = {isa = PBXBuildFile; fileRef = 1014B90A2FCEF1000049D3D3 /* libresolv.tbd */; };
		1014B90C2FCEF1000049D3D3 /* libresolv.tbd in Frameworks */ = {isa = PBXBuildFile; fileRef = 1014B90A2FCEF1000049D3D3 /* libresolv.tbd */; };
		1014B9802FCEF5000049D3D3 /* Tun2SocksKit in Frameworks */ = {isa = PBXBuildFile; productRef = 1014B97F2FCEF5000049D3D3 /* Tun2SocksKit */; };
/* End PBXBuildFile section */

/* Begin PBXContainerItemProxy section */
		1014B8FA2FCEED2E0049D3D3 /* PBXContainerItemProxy */ = {
			isa = PBXContainerItemProxy;
			containerPortal = 10ED887C2FCEDA3700DA5E92 /* Project object */;
			proxyType = 1;
			remoteGlobalIDString = 1014B8F02FCEED2E0049D3D3;
			remoteInfo = PacketTunnel;
		};
/* End PBXContainerItemProxy section */

/* Begin PBXCopyFilesBuildPhase section */
		1014B9012FCEED2E0049D3D3 /* Embed Foundation Extensions */ = {
			isa = PBXCopyFilesBuildPhase;
			buildActionMask = 2147483647;
			dstPath = "";
			dstSubfolderSpec = 13;
			files = (
				1014B8FC2FCEED2E0049D3D3 /* PacketTunnel.appex in Embed Foundation Extensions */,
			);
			name = "Embed Foundation Extensions";
			runOnlyForDeploymentPostprocessing = 0;
		};
		1014B90A2FCEF06F0049D3D3 /* Embed Frameworks */ = {
			isa = PBXCopyFilesBuildPhase;
			buildActionMask = 2147483647;
			dstPath = "";
			dstSubfolderSpec = 10;
			files = (
				1014B9092FCEF06F0049D3D3 /* XrayKit.xcframework in Embed Frameworks */,
			);
			name = "Embed Frameworks";
			runOnlyForDeploymentPostprocessing = 0;
		};
/* End PBXCopyFilesBuildPhase section */

/* Begin PBXFileReference section */
		1014B8F12FCEED2E0049D3D3 /* PacketTunnel.appex */ = {isa = PBXFileReference; explicitFileType = "wrapper.app-extension"; includeInIndex = 0; path = PacketTunnel.appex; sourceTree = BUILT_PRODUCTS_DIR; };
		1014B8F32FCEED2E0049D3D3 /* NetworkExtension.framework */ = {isa = PBXFileReference; lastKnownFileType = wrapper.framework; name = NetworkExtension.framework; path = System/Library/Frameworks/NetworkExtension.framework; sourceTree = SDKROOT; };
		1014B9042FCEF03B0049D3D3 /* XrayKit.xcframework */ = {isa = PBXFileReference; lastKnownFileType = wrapper.xcframework; name = XrayKit.xcframework; path = Frameworks/XrayKit.xcframework; sourceTree = "<group>"; };
		1014B90A2FCEF1000049D3D3 /* libresolv.tbd */ = {isa = PBXFileReference; lastKnownFileType = "sourcecode.text-based-dylib-definition"; name = libresolv.tbd; path = usr/lib/libresolv.tbd; sourceTree = SDKROOT; };
		10ED88842FCEDA3700DA5E92 /* V2RaySabLab.app */ = {isa = PBXFileReference; explicitFileType = wrapper.application; includeInIndex = 0; path = V2RaySabLab.app; sourceTree = BUILT_PRODUCTS_DIR; };
/* End PBXFileReference section */

/* Begin PBXFileSystemSynchronizedBuildFileExceptionSet section */
		1014B9002FCEED2E0049D3D3 /* Exceptions for "PacketTunnel" folder in "PacketTunnel" target */ = {
			isa = PBXFileSystemSynchronizedBuildFileExceptionSet;
			membershipExceptions = (
				Info.plist,
			);
			target = 1014B8F02FCEED2E0049D3D3 /* PacketTunnel */;
		};
		10ED88962FCEDA3900DA5E92 /* Exceptions for "V2RaySabLab" folder in "V2RaySabLab" target */ = {
			isa = PBXFileSystemSynchronizedBuildFileExceptionSet;
			membershipExceptions = (
				Info.plist,
			);
			target = 10ED88832FCEDA3700DA5E92 /* V2RaySabLab */;
		};
/* End PBXFileSystemSynchronizedBuildFileExceptionSet section */

/* Begin PBXFileSystemSynchronizedRootGroup section */
		1014B8F52FCEED2E0049D3D3 /* PacketTunnel */ = {
			isa = PBXFileSystemSynchronizedRootGroup;
			exceptions = (
				1014B9002FCEED2E0049D3D3 /* Exceptions for "PacketTunnel" folder in "PacketTunnel" target */,
			);
			path = PacketTunnel;
			sourceTree = "<group>";
		};
		10ED88862FCEDA3700DA5E92 /* V2RaySabLab */ = {
			isa = PBXFileSystemSynchronizedRootGroup;
			exceptions = (
				10ED88962FCEDA3900DA5E92 /* Exceptions for "V2RaySabLab" folder in "V2RaySabLab" target */,
			);
			path = V2RaySabLab;
			sourceTree = "<group>";
		};
/* End PBXFileSystemSynchronizedRootGroup section */

/* Begin PBXFrameworksBuildPhase section */
		1014B8EE2FCEED2E0049D3D3 /* Frameworks */ = {
			isa = PBXFrameworksBuildPhase;
			buildActionMask = 2147483647;
			files = (
				1014B9052FCEF03B0049D3D3 /* XrayKit.xcframework in Frameworks */,
				1014B90B2FCEF1000049D3D3 /* libresolv.tbd in Frameworks */,
				1014B9802FCEF5000049D3D3 /* Tun2SocksKit in Frameworks */,
				1014B8F42FCEED2E0049D3D3 /* NetworkExtension.framework in Frameworks */,
			);
			runOnlyForDeploymentPostprocessing = 0;
		};
		10ED88812FCEDA3700DA5E92 /* Frameworks */ = {
			isa = PBXFrameworksBuildPhase;
			buildActionMask = 2147483647;
			files = (
				1014B9082FCEF06F0049D3D3 /* XrayKit.xcframework in Frameworks */,
				1014B90C2FCEF1000049D3D3 /* libresolv.tbd in Frameworks */,
			);
			runOnlyForDeploymentPostprocessing = 0;
		};
/* End PBXFrameworksBuildPhase section */

/* Begin PBXGroup section */
		1014B8F22FCEED2E0049D3D3 /* Frameworks */ = {
			isa = PBXGroup;
			children = (
				1014B9042FCEF03B0049D3D3 /* XrayKit.xcframework */,
				1014B90A2FCEF1000049D3D3 /* libresolv.tbd */,
				1014B8F32FCEED2E0049D3D3 /* NetworkExtension.framework */,
			);
			name = Frameworks;
			sourceTree = "<group>";
		};
		10ED887B2FCEDA3700DA5E92 = {
			isa = PBXGroup;
			children = (
				10ED88862FCEDA3700DA5E92 /* V2RaySabLab */,
				1014B8F52FCEED2E0049D3D3 /* PacketTunnel */,
				1014B8F22FCEED2E0049D3D3 /* Frameworks */,
				10ED88852FCEDA3700DA5E92 /* Products */,
			);
			sourceTree = "<group>";
		};
		10ED88852FCEDA3700DA5E92 /* Products */ = {
			isa = PBXGroup;
			children = (
				10ED88842FCEDA3700DA5E92 /* V2RaySabLab.app */,
				1014B8F12FCEED2E0049D3D3 /* PacketTunnel.appex */,
			);
			name = Products;
			sourceTree = "<group>";
		};
/* End PBXGroup section */

/* Begin PBXNativeTarget section */
		1014B8F02FCEED2E0049D3D3 /* PacketTunnel */ = {
			isa = PBXNativeTarget;
			buildConfigurationList = 1014B8FD2FCEED2E0049D3D3 /* Build configuration list for PBXNativeTarget "PacketTunnel" */;
			buildPhases = (
				1014B8ED2FCEED2E0049D3D3 /* Sources */,
				1014B8EE2FCEED2E0049D3D3 /* Frameworks */,
				1014B8EF2FCEED2E0049D3D3 /* Resources */,
			);
			buildRules = (
			);
			dependencies = (
			);
			fileSystemSynchronizedGroups = (
				1014B8F52FCEED2E0049D3D3 /* PacketTunnel */,
			);
			name = PacketTunnel;
			packageProductDependencies = (
				1014B97F2FCEF5000049D3D3 /* Tun2SocksKit */,
			);
			productName = PacketTunnel;
			productReference = 1014B8F12FCEED2E0049D3D3 /* PacketTunnel.appex */;
			productType = "com.apple.product-type.app-extension";
		};
		10ED88832FCEDA3700DA5E92 /* V2RaySabLab */ = {
			isa = PBXNativeTarget;
			buildConfigurationList = 10ED88972FCEDA3900DA5E92 /* Build configuration list for PBXNativeTarget "V2RaySabLab" */;
			buildPhases = (
				10ED88802FCEDA3700DA5E92 /* Sources */,
				10ED88812FCEDA3700DA5E92 /* Frameworks */,
				10ED88822FCEDA3700DA5E92 /* Resources */,
				1014B9012FCEED2E0049D3D3 /* Embed Foundation Extensions */,
				1014B90A2FCEF06F0049D3D3 /* Embed Frameworks */,
			);
			buildRules = (
			);
			dependencies = (
				1014B8FB2FCEED2E0049D3D3 /* PBXTargetDependency */,
			);
			fileSystemSynchronizedGroups = (
				10ED88862FCEDA3700DA5E92 /* V2RaySabLab */,
			);
			name = V2RaySabLab;
			packageProductDependencies = (
			);
			productName = V2RaySabLab;
			productReference = 10ED88842FCEDA3700DA5E92 /* V2RaySabLab.app */;
			productType = "com.apple.product-type.application";
		};
/* End PBXNativeTarget section */

/* Begin PBXProject section */
		10ED887C2FCEDA3700DA5E92 /* Project object */ = {
			isa = PBXProject;
			attributes = {
				BuildIndependentTargetsInParallel = 1;
				LastSwiftUpdateCheck = 2600;
				LastUpgradeCheck = 2600;
				TargetAttributes = {
					1014B8F02FCEED2E0049D3D3 = {
						CreatedOnToolsVersion = 26.0;
					};
					10ED88832FCEDA3700DA5E92 = {
						CreatedOnToolsVersion = 26.0;
					};
				};
			};
			buildConfigurationList = 10ED887F2FCEDA3700DA5E92 /* Build configuration list for PBXProject "V2RaySabLab" */;
			developmentRegion = en;
			hasScannedForEncodings = 0;
			knownRegions = (
				en,
				Base,
			);
			mainGroup = 10ED887B2FCEDA3700DA5E92;
			minimizedProjectReferenceProxies = 1;
			packageReferences = (
				1014B9782FCEF43D0049D3D3 /* XCRemoteSwiftPackageReference "Tun2SocksKit" */,
			);
			preferredProjectObjectVersion = 77;
			productRefGroup = 10ED88852FCEDA3700DA5E92 /* Products */;
			projectDirPath = "";
			projectRoot = "";
			targets = (
				10ED88832FCEDA3700DA5E92 /* V2RaySabLab */,
				1014B8F02FCEED2E0049D3D3 /* PacketTunnel */,
			);
		};
/* End PBXProject section */

/* Begin PBXResourcesBuildPhase section */
		1014B8EF2FCEED2E0049D3D3 /* Resources */ = {
			isa = PBXResourcesBuildPhase;
			buildActionMask = 2147483647;
			files = (
			);
			runOnlyForDeploymentPostprocessing = 0;
		};
		10ED88822FCEDA3700DA5E92 /* Resources */ = {
			isa = PBXResourcesBuildPhase;
			buildActionMask = 2147483647;
			files = (
			);
			runOnlyForDeploymentPostprocessing = 0;
		};
/* End PBXResourcesBuildPhase section */

/* Begin PBXSourcesBuildPhase section */
		1014B8ED2FCEED2E0049D3D3 /* Sources */ = {
			isa = PBXSourcesBuildPhase;
			buildActionMask = 2147483647;
			files = (
			);
			runOnlyForDeploymentPostprocessing = 0;
		};
		10ED88802FCEDA3700DA5E92 /* Sources */ = {
			isa = PBXSourcesBuildPhase;
			buildActionMask = 2147483647;
			files = (
			);
			runOnlyForDeploymentPostprocessing = 0;
		};
/* End PBXSourcesBuildPhase section */

/* Begin PBXTargetDependency section */
		1014B8FB2FCEED2E0049D3D3 /* PBXTargetDependency */ = {
			isa = PBXTargetDependency;
			target = 1014B8F02FCEED2E0049D3D3 /* PacketTunnel */;
			targetProxy = 1014B8FA2FCEED2E0049D3D3 /* PBXContainerItemProxy */;
		};
/* End PBXTargetDependency section */

/* Begin XCBuildConfiguration section */
		1014B8FE2FCEED2E0049D3D3 /* Debug */ = {
			isa = XCBuildConfiguration;
			buildSettings = {
				CODE_SIGN_ENTITLEMENTS = PacketTunnel/PacketTunnel.entitlements;
				CODE_SIGN_STYLE = Automatic;
				CURRENT_PROJECT_VERSION = 1;
				DEVELOPMENT_TEAM = R37J42Q9W7;
				GENERATE_INFOPLIST_FILE = YES;
				INFOPLIST_FILE = PacketTunnel/Info.plist;
				INFOPLIST_KEY_CFBundleDisplayName = PacketTunnel;
				INFOPLIST_KEY_NSHumanReadableCopyright = "";
				LD_RUNPATH_SEARCH_PATHS = (
					"$(inherited)",
					"@executable_path/Frameworks",
					"@executable_path/../../Frameworks",
				);
				MARKETING_VERSION = 1.0;
				PRODUCT_BUNDLE_IDENTIFIER = com.sabgames.V2RayVPNSabGames.PacketTunnel;
				PRODUCT_NAME = "$(TARGET_NAME)";
				SKIP_INSTALL = YES;
				STRING_CATALOG_GENERATE_SYMBOLS = YES;
				SWIFT_APPROACHABLE_CONCURRENCY = YES;
				SWIFT_EMIT_LOC_STRINGS = YES;
				SWIFT_UPCOMING_FEATURE_MEMBER_IMPORT_VISIBILITY = YES;
				SWIFT_VERSION = 5.0;
				TARGETED_DEVICE_FAMILY = "1,2";
			};
			name = Debug;
		};
		1014B8FF2FCEED2E0049D3D3 /* Release */ = {
			isa = XCBuildConfiguration;
			buildSettings = {
				CODE_SIGN_ENTITLEMENTS = PacketTunnel/PacketTunnel.entitlements;
				CODE_SIGN_STYLE = Automatic;
				CURRENT_PROJECT_VERSION = 1;
				DEVELOPMENT_TEAM = R37J42Q9W7;
				GENERATE_INFOPLIST_FILE = YES;
				INFOPLIST_FILE = PacketTunnel/Info.plist;
				INFOPLIST_KEY_CFBundleDisplayName = PacketTunnel;
				INFOPLIST_KEY_NSHumanReadableCopyright = "";
				LD_RUNPATH_SEARCH_PATHS = (
					"$(inherited)",
					"@executable_path/Frameworks",
					"@executable_path/../../Frameworks",
				);
				MARKETING_VERSION = 1.0;
				PRODUCT_BUNDLE_IDENTIFIER = com.sabgames.V2RayVPNSabGames.PacketTunnel;
				PRODUCT_NAME = "$(TARGET_NAME)";
				SKIP_INSTALL = YES;
				STRING_CATALOG_GENERATE_SYMBOLS = YES;
				SWIFT_APPROACHABLE_CONCURRENCY = YES;
				SWIFT_EMIT_LOC_STRINGS = YES;
				SWIFT_UPCOMING_FEATURE_MEMBER_IMPORT_VISIBILITY = YES;
				SWIFT_VERSION = 5.0;
				TARGETED_DEVICE_FAMILY = "1,2";
			};
			name = Release;
		};
		10ED88982FCEDA3900DA5E92 /* Debug */ = {
			isa = XCBuildConfiguration;
			buildSettings = {
				ASSETCATALOG_COMPILER_APPICON_NAME = AppIcon;
				ASSETCATALOG_COMPILER_GLOBAL_ACCENT_COLOR_NAME = AccentColor;
				CODE_SIGN_ENTITLEMENTS = V2RaySabLab/V2RaySabLab.entitlements;
				CODE_SIGN_STYLE = Automatic;
				CURRENT_PROJECT_VERSION = 1;
				DEVELOPMENT_TEAM = R37J42Q9W7;
				GENERATE_INFOPLIST_FILE = YES;
				INFOPLIST_FILE = V2RaySabLab/Info.plist;
				INFOPLIST_KEY_CFBundleDisplayName = "SAB VPN";
				INFOPLIST_KEY_UIApplicationSupportsIndirectInputEvents = YES;
				INFOPLIST_KEY_UILaunchStoryboardName = LaunchScreen;
				INFOPLIST_KEY_UISupportedInterfaceOrientations_iPad = "UIInterfaceOrientationPortrait UIInterfaceOrientationPortraitUpsideDown UIInterfaceOrientationLandscapeLeft UIInterfaceOrientationLandscapeRight";
				INFOPLIST_KEY_UISupportedInterfaceOrientations_iPhone = "UIInterfaceOrientationPortrait UIInterfaceOrientationLandscapeLeft UIInterfaceOrientationLandscapeRight";
				LD_RUNPATH_SEARCH_PATHS = (
					"$(inherited)",
					"@executable_path/Frameworks",
				);
				MARKETING_VERSION = 1.0;
				PRODUCT_BUNDLE_IDENTIFIER = com.sabgames.V2RayVPNSabGames;
				PRODUCT_NAME = "$(TARGET_NAME)";
				STRING_CATALOG_GENERATE_SYMBOLS = YES;
				SWIFT_APPROACHABLE_CONCURRENCY = YES;
				SWIFT_DEFAULT_ACTOR_ISOLATION = MainActor;
				SWIFT_EMIT_LOC_STRINGS = YES;
				SWIFT_UPCOMING_FEATURE_MEMBER_IMPORT_VISIBILITY = YES;
				SWIFT_VERSION = 5.0;
				TARGETED_DEVICE_FAMILY = "1,2";
			};
			name = Debug;
		};
		10ED88992FCEDA3900DA5E92 /* Release */ = {
			isa = XCBuildConfiguration;
			buildSettings = {
				ASSETCATALOG_COMPILER_APPICON_NAME = AppIcon;
				ASSETCATALOG_COMPILER_GLOBAL_ACCENT_COLOR_NAME = AccentColor;
				CODE_SIGN_ENTITLEMENTS = V2RaySabLab/V2RaySabLab.entitlements;
				CODE_SIGN_STYLE = Automatic;
				CURRENT_PROJECT_VERSION = 1;
				DEVELOPMENT_TEAM = R37J42Q9W7;
				GENERATE_INFOPLIST_FILE = YES;
				INFOPLIST_FILE = V2RaySabLab/Info.plist;
				INFOPLIST_KEY_CFBundleDisplayName = "SAB VPN";
				INFOPLIST_KEY_UIApplicationSupportsIndirectInputEvents = YES;
				INFOPLIST_KEY_UILaunchStoryboardName = LaunchScreen;
				INFOPLIST_KEY_UISupportedInterfaceOrientations_iPad = "UIInterfaceOrientationPortrait UIInterfaceOrientationPortraitUpsideDown UIInterfaceOrientationLandscapeLeft UIInterfaceOrientationLandscapeRight";
				INFOPLIST_KEY_UISupportedInterfaceOrientations_iPhone = "UIInterfaceOrientationPortrait UIInterfaceOrientationLandscapeLeft UIInterfaceOrientationLandscapeRight";
				LD_RUNPATH_SEARCH_PATHS = (
					"$(inherited)",
					"@executable_path/Frameworks",
				);
				MARKETING_VERSION = 1.0;
				PRODUCT_BUNDLE_IDENTIFIER = com.sabgames.V2RayVPNSabGames;
				PRODUCT_NAME = "$(TARGET_NAME)";
				STRING_CATALOG_GENERATE_SYMBOLS = YES;
				SWIFT_APPROACHABLE_CONCURRENCY = YES;
				SWIFT_DEFAULT_ACTOR_ISOLATION = MainActor;
				SWIFT_EMIT_LOC_STRINGS = YES;
				SWIFT_UPCOMING_FEATURE_MEMBER_IMPORT_VISIBILITY = YES;
				SWIFT_VERSION = 5.0;
				TARGETED_DEVICE_FAMILY = "1,2";
			};
			name = Release;
		};
		10ED889A2FCEDA3900DA5E92 /* Debug */ = {
			isa = XCBuildConfiguration;
			buildSettings = {
				ALWAYS_SEARCH_USER_PATHS = NO;
				ASSETCATALOG_COMPILER_GENERATE_SWIFT_ASSET_SYMBOL_EXTENSIONS = YES;
				CLANG_ANALYZER_NONNULL = YES;
				CLANG_ANALYZER_NUMBER_OBJECT_CONVERSION = YES_AGGRESSIVE;
				CLANG_CXX_LANGUAGE_STANDARD = "gnu++20";
				CLANG_ENABLE_MODULES = YES;
				CLANG_ENABLE_OBJC_ARC = YES;
				CLANG_ENABLE_OBJC_WEAK = YES;
				CLANG_WARN_BLOCK_CAPTURE_AUTORELEASING = YES;
				CLANG_WARN_BOOL_CONVERSION = YES;
				CLANG_WARN_COMMA = YES;
				CLANG_WARN_CONSTANT_CONVERSION = YES;
				CLANG_WARN_DEPRECATED_OBJC_IMPLEMENTATIONS = YES;
				CLANG_WARN_DIRECT_OBJC_ISA_USAGE = YES_ERROR;
				CLANG_WARN_DOCUMENTATION_COMMENTS = YES;
				CLANG_WARN_EMPTY_BODY = YES;
				CLANG_WARN_ENUM_CONVERSION = YES;
				CLANG_WARN_INFINITE_RECURSION = YES;
				CLANG_WARN_INT_CONVERSION = YES;
				CLANG_WARN_NON_LITERAL_NULL_CONVERSION = YES;
				CLANG_WARN_OBJC_IMPLICIT_RETAIN_SELF = YES;
				CLANG_WARN_OBJC_LITERAL_CONVERSION = YES;
				CLANG_WARN_OBJC_ROOT_CLASS = YES_ERROR;
				CLANG_WARN_QUOTED_INCLUDE_IN_FRAMEWORK_HEADER = YES;
				CLANG_WARN_RANGE_LOOP_ANALYSIS = YES;
				CLANG_WARN_STRICT_PROTOTYPES = YES;
				CLANG_WARN_SUSPICIOUS_MOVE = YES;
				CLANG_WARN_UNGUARDED_AVAILABILITY = YES_AGGRESSIVE;
				CLANG_WARN_UNREACHABLE_CODE = YES;
				CLANG_WARN__DUPLICATE_METHOD_MATCH = YES;
				COPY_PHASE_STRIP = NO;
				DEBUG_INFORMATION_FORMAT = dwarf;
				DEVELOPMENT_TEAM = FZU84SDGV7;
				ENABLE_STRICT_OBJC_MSGSEND = YES;
				ENABLE_TESTABILITY = YES;
				ENABLE_USER_SCRIPT_SANDBOXING = YES;
				GCC_C_LANGUAGE_STANDARD = gnu17;
				GCC_DYNAMIC_NO_PIC = NO;
				GCC_NO_COMMON_BLOCKS = YES;
				GCC_OPTIMIZATION_LEVEL = 0;
				GCC_PREPROCESSOR_DEFINITIONS = (
					"DEBUG=1",
					"$(inherited)",
				);
				GCC_WARN_64_TO_32_BIT_CONVERSION = YES;
				GCC_WARN_ABOUT_RETURN_TYPE = YES_ERROR;
				GCC_WARN_UNDECLARED_SELECTOR = YES;
				GCC_WARN_UNINITIALIZED_AUTOS = YES_AGGRESSIVE;
				GCC_WARN_UNUSED_FUNCTION = YES;
				GCC_WARN_UNUSED_VARIABLE = YES;
				IPHONEOS_DEPLOYMENT_TARGET = 26.0;
				LOCALIZATION_PREFERS_STRING_CATALOGS = YES;
				MTL_ENABLE_DEBUG_INFO = INCLUDE_SOURCE;
				MTL_FAST_MATH = YES;
				ONLY_ACTIVE_ARCH = YES;
				SDKROOT = iphoneos;
				SWIFT_ACTIVE_COMPILATION_CONDITIONS = "DEBUG $(inherited)";
				SWIFT_OPTIMIZATION_LEVEL = "-Onone";
			};
			name = Debug;
		};
		10ED889B2FCEDA3900DA5E92 /* Release */ = {
			isa = XCBuildConfiguration;
			buildSettings = {
				ALWAYS_SEARCH_USER_PATHS = NO;
				ASSETCATALOG_COMPILER_GENERATE_SWIFT_ASSET_SYMBOL_EXTENSIONS = YES;
				CLANG_ANALYZER_NONNULL = YES;
				CLANG_ANALYZER_NUMBER_OBJECT_CONVERSION = YES_AGGRESSIVE;
				CLANG_CXX_LANGUAGE_STANDARD = "gnu++20";
				CLANG_ENABLE_MODULES = YES;
				CLANG_ENABLE_OBJC_ARC = YES;
				CLANG_ENABLE_OBJC_WEAK = YES;
				CLANG_WARN_BLOCK_CAPTURE_AUTORELEASING = YES;
				CLANG_WARN_BOOL_CONVERSION = YES;
				CLANG_WARN_COMMA = YES;
				CLANG_WARN_CONSTANT_CONVERSION = YES;
				CLANG_WARN_DEPRECATED_OBJC_IMPLEMENTATIONS = YES;
				CLANG_WARN_DIRECT_OBJC_ISA_USAGE = YES_ERROR;
				CLANG_WARN_DOCUMENTATION_COMMENTS = YES;
				CLANG_WARN_EMPTY_BODY = YES;
				CLANG_WARN_ENUM_CONVERSION = YES;
				CLANG_WARN_INFINITE_RECURSION = YES;
				CLANG_WARN_INT_CONVERSION = YES;
				CLANG_WARN_NON_LITERAL_NULL_CONVERSION = YES;
				CLANG_WARN_OBJC_IMPLICIT_RETAIN_SELF = YES;
				CLANG_WARN_OBJC_LITERAL_CONVERSION = YES;
				CLANG_WARN_OBJC_ROOT_CLASS = YES_ERROR;
				CLANG_WARN_QUOTED_INCLUDE_IN_FRAMEWORK_HEADER = YES;
				CLANG_WARN_RANGE_LOOP_ANALYSIS = YES;
				CLANG_WARN_STRICT_PROTOTYPES = YES;
				CLANG_WARN_SUSPICIOUS_MOVE = YES;
				CLANG_WARN_UNGUARDED_AVAILABILITY = YES_AGGRESSIVE;
				CLANG_WARN_UNREACHABLE_CODE = YES;
				CLANG_WARN__DUPLICATE_METHOD_MATCH = YES;
				COPY_PHASE_STRIP = NO;
				DEBUG_INFORMATION_FORMAT = "dwarf-with-dsym";
				DEVELOPMENT_TEAM = FZU84SDGV7;
				ENABLE_NS_ASSERTIONS = NO;
				ENABLE_STRICT_OBJC_MSGSEND = YES;
				ENABLE_USER_SCRIPT_SANDBOXING = YES;
				GCC_C_LANGUAGE_STANDARD = gnu17;
				GCC_NO_COMMON_BLOCKS = YES;
				GCC_WARN_64_TO_32_BIT_CONVERSION = YES;
				GCC_WARN_ABOUT_RETURN_TYPE = YES_ERROR;
				GCC_WARN_UNDECLARED_SELECTOR = YES;
				GCC_WARN_UNINITIALIZED_AUTOS = YES_AGGRESSIVE;
				GCC_WARN_UNUSED_FUNCTION = YES;
				GCC_WARN_UNUSED_VARIABLE = YES;
				IPHONEOS_DEPLOYMENT_TARGET = 26.0;
				LOCALIZATION_PREFERS_STRING_CATALOGS = YES;
				MTL_ENABLE_DEBUG_INFO = NO;
				MTL_FAST_MATH = YES;
				SDKROOT = iphoneos;
				SWIFT_COMPILATION_MODE = wholemodule;
				VALIDATE_PRODUCT = YES;
			};
			name = Release;
		};
/* End XCBuildConfiguration section */

/* Begin XCConfigurationList section */
		1014B8FD2FCEED2E0049D3D3 /* Build configuration list for PBXNativeTarget "PacketTunnel" */ = {
			isa = XCConfigurationList;
			buildConfigurations = (
				1014B8FE2FCEED2E0049D3D3 /* Debug */,
				1014B8FF2FCEED2E0049D3D3 /* Release */,
			);
			defaultConfigurationIsVisible = 0;
			defaultConfigurationName = Release;
		};
		10ED887F2FCEDA3700DA5E92 /* Build configuration list for PBXProject "V2RaySabLab" */ = {
			isa = XCConfigurationList;
			buildConfigurations = (
				10ED889A2FCEDA3900DA5E92 /* Debug */,
				10ED889B2FCEDA3900DA5E92 /* Release */,
			);
			defaultConfigurationIsVisible = 0;
			defaultConfigurationName = Release;
		};
		10ED88972FCEDA3900DA5E92 /* Build configuration list for PBXNativeTarget "V2RaySabLab" */ = {
			isa = XCConfigurationList;
			buildConfigurations = (
				10ED88982FCEDA3900DA5E92 /* Debug */,
				10ED88992FCEDA3900DA5E92 /* Release */,
			);
			defaultConfigurationIsVisible = 0;
			defaultConfigurationName = Release;
		};
/* End XCConfigurationList section */

/* Begin XCRemoteSwiftPackageReference section */
		1014B9782FCEF43D0049D3D3 /* XCRemoteSwiftPackageReference "Tun2SocksKit" */ = {
			isa = XCRemoteSwiftPackageReference;
			repositoryURL = "https://github.com/EbrahimTahernejad/Tun2SocksKit";
			requirement = {
				kind = upToNextMajorVersion;
				minimumVersion = 5.14.4;
			};
		};
/* End XCRemoteSwiftPackageReference section */

/* Begin XCSwiftPackageProductDependency section */
		1014B97F2FCEF5000049D3D3 /* Tun2SocksKit */ = {
			isa = XCSwiftPackageProductDependency;
			package = 1014B9782FCEF43D0049D3D3 /* XCRemoteSwiftPackageReference "Tun2SocksKit" */;
			productName = Tun2SocksKit;
		};
/* End XCSwiftPackageProductDependency section */
	};
	rootObject = 10ED887C2FCEDA3700DA5E92 /* Project object */;
}
